
Microsoft Visual Studio Solution File, Format Version 12.00
# Visual Studio 15
VisualStudioVersion = 15.0.27004.2002
MinimumVisualStudioVersion = 10.0.40219.1
Project("{FAE04EC0-301F-11D3-BF4B-00C04F79EFBC}") = "SimpleContract", "SimpleContract\SimpleContract.csproj", "{D8831F54-1824-4A1E-8826-C5BA0127E0C6}"
EndProject
Global
	GlobalSection(SolutionConfigurationPlatforms) = preSolution
		Debug|Any CPU = Debug|Any CPU
		Release|Any CPU = Release|Any CPU
	EndGlobalSection
	GlobalSection(ProjectConfigurationPlatforms) = postSolution
		{D8831F54-1824-4A1E-8826-C5BA0127E0C6}.Debug|Any CPU.ActiveCfg = Debug|Any CPU
		{D8831F54-1824-4A1E-8826-C5BA0127E0C6}.Debug|Any CPU.Build.0 = Debug|Any CPU
		{D8831F54-1824-4A1E-8826-C5BA0127E0C6}.Release|Any CPU.ActiveCfg = Release|Any CPU
		{D8831F54-1824-4A1E-8826-C5BA0127E0C6}.Release|Any CPU.Build.0 = Release|Any CPU
	EndGlobalSection
	GlobalSection(SolutionProperties) = preSolution
		HideSolutionNode = FALSE
	EndGlobalSection
	GlobalSection(ExtensibilityGlobals) = postSolution
		SolutionGuid = {F6C5F5B3-EF5E-4810-9CA1-71E60F60F6DE}
	EndGlobalSection
EndGlobal
